
Microsoft Visual Studio Solution File, Format Version 12.00
# Visual Studio 15
VisualStudioVersion = 15.0.28307.1927
MinimumVisualStudioVersion = 10.0.40219.1
Project("{FAE04EC0-301F-11D3-BF4B-00C04F79EFBC}") = "ClientTest", "ClientTest.csproj", "{3A030696-AAD0-4E39-BE7E-C73C4BF34FBE}"
EndProject
Project("{FAE04EC0-301F-11D3-BF4B-00C04F79EFBC}") = "PirctureViewer", "..\PirctureViewer\PirctureViewer.csproj", "{02A2C04B-67B6-4028-80AC-642C06914BCC}"
EndProject
Global
	GlobalSection(SolutionConfigurationPlatforms) = preSolution
		Debug|Any CPU = Debug|Any CPU
		Release|Any CPU = Release|Any CPU
	EndGlobalSection
	GlobalSection(ProjectConfigurationPlatforms) = postSolution
		{3A030696-AAD0-4E39-BE7E-C73C4BF34FBE}.Debug|Any CPU.ActiveCfg = Debug|Any CPU
		{3A030696-AAD0-4E39-BE7E-C73C4BF34FBE}.Debug|Any CPU.Build.0 = Debug|Any CPU
		{3A030696-AAD0-4E39-BE7E-C73C4BF34FBE}.Release|Any CPU.ActiveCfg = Release|Any CPU
		{3A030696-AAD0-4E39-BE7E-C73C4BF34FBE}.Release|Any CPU.Build.0 = Release|Any CPU
		{02A2C04B-67B6-4028-80AC-642C06914BCC}.Debug|Any CPU.ActiveCfg = Debug|Any CPU
		{02A2C04B-67B6-4028-80AC-642C06914BCC}.Debug|Any CPU.Build.0 = Debug|Any CPU
		{02A2C04B-67B6-4028-80AC-642C06914BCC}.Release|Any CPU.ActiveCfg = Release|Any CPU
		{02A2C04B-67B6-4028-80AC-642C06914BCC}.Release|Any CPU.Build.0 = Release|Any CPU
	EndGlobalSection
	GlobalSection(SolutionProperties) = preSolution
		HideSolutionNode = FALSE
	EndGlobalSection
	GlobalSection(ExtensibilityGlobals) = postSolution
		SolutionGuid = {5AC12EF1-C0DC-4739-B3EE-C61AD08299B3}
	EndGlobalSection
EndGlobal
